
Microsoft Visual Studio Solution File, Format Version 12.00
# Visual Studio Version 17
VisualStudioVersion = 17.3.32811.315
MinimumVisualStudioVersion = 10.0.40219.1
Project("{9A19103F-16F7-4668-BE54-9A1E7A4F7556}") = "MaisMarinhaWeb", "MaisMarinhaWeb\MaisMarinhaWeb.csproj", "{38D199B9-AB58-42FC-AD14-B4C51E29F466}"
EndProject
Project("{9A19103F-16F7-4668-BE54-9A1E7A4F7556}") = "Core", "Core\Core.csproj", "{7ABE0BA9-7055-4704-808E-F2982CA4FC4C}"
EndProject
Project("{9A19103F-16F7-4668-BE54-9A1E7A4F7556}") = "Service", "Service\Service.csproj", "{55224C8E-C20E-4400-8AE4-2E142A4F5476}"
EndProject
Project("{FAE04EC0-301F-11D3-BF4B-00C04F79EFBC}") = "MaisMarinhaWebTests", "MaisMarinhaWebTests\MaisMarinhaWebTests.csproj", "{B6C6D6AA-B574-4DC5-9CD9-CDF7D25CEC8B}"
EndProject
Global
	GlobalSection(SolutionConfigurationPlatforms) = preSolution
		Debug|Any CPU = Debug|Any CPU
		Release|Any CPU = Release|Any CPU
	EndGlobalSection
	GlobalSection(ProjectConfigurationPlatforms) = postSolution
		{38D199B9-AB58-42FC-AD14-B4C51E29F466}.Debug|Any CPU.ActiveCfg = Debug|Any CPU
		{38D199B9-AB58-42FC-AD14-B4C51E29F466}.Debug|Any CPU.Build.0 = Debug|Any CPU
		{38D199B9-AB58-42FC-AD14-B4C51E29F466}.Release|Any CPU.ActiveCfg = Release|Any CPU
		{38D199B9-AB58-42FC-AD14-B4C51E29F466}.Release|Any CPU.Build.0 = Release|Any CPU
		{7ABE0BA9-7055-4704-808E-F2982CA4FC4C}.Debug|Any CPU.ActiveCfg = Debug|Any CPU
		{7ABE0BA9-7055-4704-808E-F2982CA4FC4C}.Debug|Any CPU.Build.0 = Debug|Any CPU
		{7ABE0BA9-7055-4704-808E-F2982CA4FC4C}.Release|Any CPU.ActiveCfg = Release|Any CPU
		{7ABE0BA9-7055-4704-808E-F2982CA4FC4C}.Release|Any CPU.Build.0 = Release|Any CPU
		{55224C8E-C20E-4400-8AE4-2E142A4F5476}.Debug|Any CPU.ActiveCfg = Debug|Any CPU
		{55224C8E-C20E-4400-8AE4-2E142A4F5476}.Debug|Any CPU.Build.0 = Debug|Any CPU
		{55224C8E-C20E-4400-8AE4-2E142A4F5476}.Release|Any CPU.ActiveCfg = Release|Any CPU
		{55224C8E-C20E-4400-8AE4-2E142A4F5476}.Release|Any CPU.Build.0 = Release|Any CPU
		{B6C6D6AA-B574-4DC5-9CD9-CDF7D25CEC8B}.Debug|Any CPU.ActiveCfg = Debug|Any CPU
		{B6C6D6AA-B574-4DC5-9CD9-CDF7D25CEC8B}.Debug|Any CPU.Build.0 = Debug|Any CPU
		{B6C6D6AA-B574-4DC5-9CD9-CDF7D25CEC8B}.Release|Any CPU.ActiveCfg = Release|Any CPU
		{B6C6D6AA-B574-4DC5-9CD9-CDF7D25CEC8B}.Release|Any CPU.Build.0 = Release|Any CPU
	EndGlobalSection
	GlobalSection(SolutionProperties) = preSolution
		HideSolutionNode = FALSE
	EndGlobalSection
	GlobalSection(ExtensibilityGlobals) = postSolution
		SolutionGuid = {91A44AA9-388D-49AF-8547-027DCAD7C8C6}
	EndGlobalSection
EndGlobal
